
Microsoft Visual Studio Solution File, Format Version 12.00
# Visual Studio Version 17
VisualStudioVersion = 17.10.35122.118
MinimumVisualStudioVersion = 10.0.40219.1
Project("{9A19103F-16F7-4668-BE54-9A1E7A4F7556}") = "AnnPrepareLavni.ApiService", "AnnPrepareLavni.ApiService\AnnPrepareLavni.ApiService.csproj", "{A1719B29-CC4C-4FE5-97B5-7564700BE949}"
EndProject
Project("{9A19103F-16F7-4668-BE54-9A1E7A4F7556}") = "AnnPrepareLavni.AppHost", "AnnPrepareLavni.AppHost\AnnPrepareLavni.AppHost.csproj", "{1D9B7C3B-6637-4AAA-9B1B-D317A6FBB86C}"
EndProject
Project("{9A19103F-16F7-4668-BE54-9A1E7A4F7556}") = "AnnPrepareLavni.ServiceDefaults", "AnnPrepareLavni.ServiceDefaults\AnnPrepareLavni.ServiceDefaults.csproj", "{2E969F2F-A0C4-4DE0-8C73-51757F76C204}"
EndProject
Project("{FAE04EC0-301F-11D3-BF4B-00C04F79EFBC}") = "AnnPrepareLavni.Tests", "AnnPrepareLavni.Tests\AnnPrepareLavni.Tests.csproj", "{49181A22-9B9D-40E1-8FF9-549B85AA84EE}"
EndProject
Global
	GlobalSection(SolutionConfigurationPlatforms) = preSolution
		Debug|Any CPU = Debug|Any CPU
		Release|Any CPU = Release|Any CPU
	EndGlobalSection
	GlobalSection(ProjectConfigurationPlatforms) = postSolution
		{A1719B29-CC4C-4FE5-97B5-7564700BE949}.Debug|Any CPU.ActiveCfg = Debug|Any CPU
		{A1719B29-CC4C-4FE5-97B5-7564700BE949}.Debug|Any CPU.Build.0 = Debug|Any CPU
		{A1719B29-CC4C-4FE5-97B5-7564700BE949}.Release|Any CPU.ActiveCfg = Release|Any CPU
		{A1719B29-CC4C-4FE5-97B5-7564700BE949}.Release|Any CPU.Build.0 = Release|Any CPU
		{1D9B7C3B-6637-4AAA-9B1B-D317A6FBB86C}.Debug|Any CPU.ActiveCfg = Debug|Any CPU
		{1D9B7C3B-6637-4AAA-9B1B-D317A6FBB86C}.Debug|Any CPU.Build.0 = Debug|Any CPU
		{1D9B7C3B-6637-4AAA-9B1B-D317A6FBB86C}.Release|Any CPU.ActiveCfg = Release|Any CPU
		{1D9B7C3B-6637-4AAA-9B1B-D317A6FBB86C}.Release|Any CPU.Build.0 = Release|Any CPU
		{2E969F2F-A0C4-4DE0-8C73-51757F76C204}.Debug|Any CPU.ActiveCfg = Debug|Any CPU
		{2E969F2F-A0C4-4DE0-8C73-51757F76C204}.Debug|Any CPU.Build.0 = Debug|Any CPU
		{2E969F2F-A0C4-4DE0-8C73-51757F76C204}.Release|Any CPU.ActiveCfg = Release|Any CPU
		{2E969F2F-A0C4-4DE0-8C73-51757F76C204}.Release|Any CPU.Build.0 = Release|Any CPU
		{49181A22-9B9D-40E1-8FF9-549B85AA84EE}.Debug|Any CPU.ActiveCfg = Debug|Any CPU
		{49181A22-9B9D-40E1-8FF9-549B85AA84EE}.Debug|Any CPU.Build.0 = Debug|Any CPU
		{49181A22-9B9D-40E1-8FF9-549B85AA84EE}.Release|Any CPU.ActiveCfg = Release|Any CPU
		{49181A22-9B9D-40E1-8FF9-549B85AA84EE}.Release|Any CPU.Build.0 = Release|Any CPU
	EndGlobalSection
	GlobalSection(SolutionProperties) = preSolution
		HideSolutionNode = FALSE
	EndGlobalSection
	GlobalSection(ExtensibilityGlobals) = postSolution
		SolutionGuid = {02BA302F-729F-450B-8199-7D6DF372E48C}
	EndGlobalSection
EndGlobal
