
Microsoft Visual Studio Solution File, Format Version 12.00
# Visual Studio Version 17
VisualStudioVersion = 17.10.35122.118
MinimumVisualStudioVersion = 10.0.40219.1
Project("{FAE04EC0-301F-11D3-BF4B-00C04F79EFBC}") = "AnnPrepareLavni.API", "AnnPrepareLavni.API\AnnPrepareLavni.API.csproj", "{9AFC6703-70B3-475D-B227-EDCD35016BFC}"
EndProject
Global
	GlobalSection(SolutionConfigurationPlatforms) = preSolution
		Debug|Any CPU = Debug|Any CPU
		Release|Any CPU = Release|Any CPU
	EndGlobalSection
	GlobalSection(ProjectConfigurationPlatforms) = postSolution
		{9AFC6703-70B3-475D-B227-EDCD35016BFC}.Debug|Any CPU.ActiveCfg = Debug|Any CPU
		{9AFC6703-70B3-475D-B227-EDCD35016BFC}.Debug|Any CPU.Build.0 = Debug|Any CPU
		{9AFC6703-70B3-475D-B227-EDCD35016BFC}.Release|Any CPU.ActiveCfg = Release|Any CPU
		{9AFC6703-70B3-475D-B227-EDCD35016BFC}.Release|Any CPU.Build.0 = Release|Any CPU
	EndGlobalSection
	GlobalSection(SolutionProperties) = preSolution
		HideSolutionNode = FALSE
	EndGlobalSection
	GlobalSection(ExtensibilityGlobals) = postSolution
		SolutionGuid = {02BA302F-729F-450B-8199-7D6DF372E48C}
	EndGlobalSection
EndGlobal
